# THIS IS AN AUTOGENERATED FILE. DO NOT EDIT THIS FILE DIRECTLY.
# yarn lockfile v1


"@invertase/react-native-apple-authentication@^2.3.0":
  version "2.3.0"
  resolved "https://registry.yarnpkg.com/@invertase/react-native-apple-authentication/-/react-native-apple-authentication-2.3.0.tgz#b131b2033bfce06ca788f0b0886b51eb6effea0e"
  integrity sha512-D3NNPv98EmkkCJyQEZhRn1zPC5EH+8LKBS+ddFsDyc3rVGWE7Ct0ffpxZ5T60w6wamIPjojIMSfEPUxbQ28+og==
